
Microsoft Visual Studio Solution File, Format Version 12.00
# Visual Studio Version 16
VisualStudioVersion = 16.0.31424.327
MinimumVisualStudioVersion = 10.0.40219.1
Project("{FAE04EC0-301F-11D3-BF4B-00C04F79EFBC}") = "StreamlineMVVM_net40", "StreamlineMVVM_net40\StreamlineMVVM_net40.csproj", "{C7B1AD9E-14AE-45DF-8E14-78A9BE9AE738}"
EndProject
Project("{FAE04EC0-301F-11D3-BF4B-00C04F79EFBC}") = "StreamlineMVVM_net50", "StreamlineMVVM_net50\StreamlineMVVM_net50.csproj", "{C1BECC8A-A1F4-4392-9700-3CFE5F6931CE}"
EndProject
Global
	GlobalSection(SolutionConfigurationPlatforms) = preSolution
		Debug|Any CPU = Debug|Any CPU
		Release|Any CPU = Release|Any CPU
	EndGlobalSection
	GlobalSection(ProjectConfigurationPlatforms) = postSolution
		{C7B1AD9E-14AE-45DF-8E14-78A9BE9AE738}.Debug|Any CPU.ActiveCfg = Debug|Any CPU
		{C7B1AD9E-14AE-45DF-8E14-78A9BE9AE738}.Debug|Any CPU.Build.0 = Debug|Any CPU
		{C7B1AD9E-14AE-45DF-8E14-78A9BE9AE738}.Release|Any CPU.ActiveCfg = Release|Any CPU
		{C7B1AD9E-14AE-45DF-8E14-78A9BE9AE738}.Release|Any CPU.Build.0 = Release|Any CPU
		{C1BECC8A-A1F4-4392-9700-3CFE5F6931CE}.Debug|Any CPU.ActiveCfg = Debug|Any CPU
		{C1BECC8A-A1F4-4392-9700-3CFE5F6931CE}.Debug|Any CPU.Build.0 = Debug|Any CPU
		{C1BECC8A-A1F4-4392-9700-3CFE5F6931CE}.Release|Any CPU.ActiveCfg = Release|Any CPU
		{C1BECC8A-A1F4-4392-9700-3CFE5F6931CE}.Release|Any CPU.Build.0 = Release|Any CPU
	EndGlobalSection
	GlobalSection(SolutionProperties) = preSolution
		HideSolutionNode = FALSE
	EndGlobalSection
	GlobalSection(ExtensibilityGlobals) = postSolution
		SolutionGuid = {EE9769C6-C9BD-4B68-B5E7-DC3A92B27C6B}
	EndGlobalSection
EndGlobal
